// !$*UTF8*$!
{
	archiveVersion = 1;
	classes = {
	};
	objectVersion = 48;
	objects = {

/* Begin PBXBuildFile section */
		A60C290D1F6CC45800F6041F /* AppDelegate.swift in Sources */ = {isa = PBXBuildFile; fileRef = A60C290C1F6CC45800F6041F /* AppDelegate.swift */; };
		A60C29111F6CC45800F6041F /* ViewController.swift in Sources */ = {isa = PBXBuildFile; fileRef = A60C29101F6CC45800F6041F /* ViewController.swift */; };
		A60C29141F6CC45800F6041F /* Main.storyboard in Resources */ = {isa = PBXBuildFile; fileRef = A60C29121F6CC45800F6041F /* Main.storyboard */; };
		A60C29161F6CC45800F6041F /* Assets.xcassets in Resources */ = {isa = PBXBuildFile; fileRef = A60C29151F6CC45800F6041F /* Assets.xcassets */; };
		A60C29191F6CC45800F6041F /* LaunchScreen.storyboard in Resources */ = {isa = PBXBuildFile; fileRef = A60C29171F6CC45800F6041F /* LaunchScreen.storyboard */; };
		A60C29221F6CC7CA00F6041F /* game.scnassets in Resources */ = {isa = PBXBuildFile; fileRef = A60C29211F6CC6BC00F6041F /* game.scnassets */; };
		A6A1AA051F727AAD00922845 /* VirtualObjectSelection.swift in Sources */ = {isa = PBXBuildFile; fileRef = A6A1A9FB1F727A5600922845 /* VirtualObjectSelection.swift */; };
		A6A1AA061F727AAD00922845 /* StatusViewController.swift in Sources */ = {isa = PBXBuildFile; fileRef = A6A1A9FC1F727A5600922845 /* StatusViewController.swift */; };
		A6A1AA071F727AAD00922845 /* FocusSquareSegment.swift in Sources */ = {isa = PBXBuildFile; fileRef = A6A1A9F81F727A5600922845 /* FocusSquareSegment.swift */; };
		A6A1AA081F727AAD00922845 /* FocusSquare.swift in Sources */ = {isa = PBXBuildFile; fileRef = A6A1A9F91F727A5600922845 /* FocusSquare.swift */; };
		A6A1AA091F727AAD00922845 /* Utilities.swift in Sources */ = {isa = PBXBuildFile; fileRef = A6A1A9F61F727A5600922845 /* Utilities.swift */; };
		A6A1AA0A1F727AAD00922845 /* VirtualObjectLoader.swift in Sources */ = {isa = PBXBuildFile; fileRef = A6A1AA031F727A5900922845 /* VirtualObjectLoader.swift */; };
		A6A1AA0B1F727AAD00922845 /* VirtualObject.swift in Sources */ = {isa = PBXBuildFile; fileRef = A6A1AA041F727A5900922845 /* VirtualObject.swift */; };
		A6A1AA121F727AEB00922845 /* VirtualObjectInteraction.swift in Sources */ = {isa = PBXBuildFile; fileRef = A6A1AA0C1F727AE800922845 /* VirtualObjectInteraction.swift */; };
		A6A1AA131F727AEB00922845 /* ViewController+ARSCNViewDelegate.swift in Sources */ = {isa = PBXBuildFile; fileRef = A6A1AA0D1F727AE900922845 /* ViewController+ARSCNViewDelegate.swift */; };
		A6A1AA141F727AEB00922845 /* ViewController+Actions.swift in Sources */ = {isa = PBXBuildFile; fileRef = A6A1AA0E1F727AE900922845 /* ViewController+Actions.swift */; };
		A6A1AA151F727AEB00922845 /* ViewController+ObjectSelection.swift in Sources */ = {isa = PBXBuildFile; fileRef = A6A1AA0F1F727AEA00922845 /* ViewController+ObjectSelection.swift */; };
		A6A1AA161F727AEB00922845 /* ThresholdPanGesture.swift in Sources */ = {isa = PBXBuildFile; fileRef = A6A1AA101F727AEA00922845 /* ThresholdPanGesture.swift */; };
		A6A1AA171F727AEB00922845 /* VirtualObjectARView.swift in Sources */ = {isa = PBXBuildFile; fileRef = A6A1AA111F727AEA00922845 /* VirtualObjectARView.swift */; };
/* End PBXBuildFile section */

/* Begin PBXFileReference section */
		A60C29091F6CC45800F6041F /* ProTYFamily.app */ = {isa = PBXFileReference; explicitFileType = wrapper.application; includeInIndex = 0; path = ProTYFamily.app; sourceTree = BUILT_PRODUCTS_DIR; };
		A60C290C1F6CC45800F6041F /* AppDelegate.swift */ = {isa = PBXFileReference; lastKnownFileType = sourcecode.swift; path = AppDelegate.swift; sourceTree = "<group>"; };
		A60C29101F6CC45800F6041F /* ViewController.swift */ = {isa = PBXFileReference; lastKnownFileType = sourcecode.swift; path = ViewController.swift; sourceTree = "<group>"; };
		A60C29131F6CC45800F6041F /* Base */ = {isa = PBXFileReference; lastKnownFileType = file.storyboard; name = Base; path = Base.lproj/Main.storyboard; sourceTree = "<group>"; };
		A60C29151F6CC45800F6041F /* Assets.xcassets */ = {isa = PBXFileReference; lastKnownFileType = folder.assetcatalog; path = Assets.xcassets; sourceTree = "<group>"; };
		A60C29181F6CC45800F6041F /* Base */ = {isa = PBXFileReference; lastKnownFileType = file.storyboard; name = Base; path = Base.lproj/LaunchScreen.storyboard; sourceTree = "<group>"; };
		A60C291A1F6CC45800F6041F /* Info.plist */ = {isa = PBXFileReference; lastKnownFileType = text.plist.xml; path = Info.plist; sourceTree = "<group>"; };
		A60C29211F6CC6BC00F6041F /* game.scnassets */ = {isa = PBXFileReference; lastKnownFileType = wrapper.scnassets; path = game.scnassets; sourceTree = "<group>"; };
		A6A1A9F61F727A5600922845 /* Utilities.swift */ = {isa = PBXFileReference; lastKnownFileType = sourcecode.swift; path = Utilities.swift; sourceTree = "<group>"; };
		A6A1A9F81F727A5600922845 /* FocusSquareSegment.swift */ = {isa = PBXFileReference; lastKnownFileType = sourcecode.swift; path = FocusSquareSegment.swift; sourceTree = "<group>"; };
		A6A1A9F91F727A5600922845 /* FocusSquare.swift */ = {isa = PBXFileReference; lastKnownFileType = sourcecode.swift; path = FocusSquare.swift; sourceTree = "<group>"; };
		A6A1A9FB1F727A5600922845 /* VirtualObjectSelection.swift */ = {isa = PBXFileReference; lastKnownFileType = sourcecode.swift; path = VirtualObjectSelection.swift; sourceTree = "<group>"; };
		A6A1A9FC1F727A5600922845 /* StatusViewController.swift */ = {isa = PBXFileReference; lastKnownFileType = sourcecode.swift; path = StatusViewController.swift; sourceTree = "<group>"; };
		A6A1AA031F727A5900922845 /* VirtualObjectLoader.swift */ = {isa = PBXFileReference; lastKnownFileType = sourcecode.swift; path = VirtualObjectLoader.swift; sourceTree = "<group>"; };
		A6A1AA041F727A5900922845 /* VirtualObject.swift */ = {isa = PBXFileReference; lastKnownFileType = sourcecode.swift; path = VirtualObject.swift; sourceTree = "<group>"; };
		A6A1AA0C1F727AE800922845 /* VirtualObjectInteraction.swift */ = {isa = PBXFileReference; lastKnownFileType = sourcecode.swift; path = VirtualObjectInteraction.swift; sourceTree = "<group>"; };
		A6A1AA0D1F727AE900922845 /* ViewController+ARSCNViewDelegate.swift */ = {isa = PBXFileReference; lastKnownFileType = sourcecode.swift; path = "ViewController+ARSCNViewDelegate.swift"; sourceTree = "<group>"; };
		A6A1AA0E1F727AE900922845 /* ViewController+Actions.swift */ = {isa = PBXFileReference; lastKnownFileType = sourcecode.swift; path = "ViewController+Actions.swift"; sourceTree = "<group>"; };
		A6A1AA0F1F727AEA00922845 /* ViewController+ObjectSelection.swift */ = {isa = PBXFileReference; lastKnownFileType = sourcecode.swift; path = "ViewController+ObjectSelection.swift"; sourceTree = "<group>"; };
		A6A1AA101F727AEA00922845 /* ThresholdPanGesture.swift */ = {isa = PBXFileReference; lastKnownFileType = sourcecode.swift; path = ThresholdPanGesture.swift; sourceTree = "<group>"; };
		A6A1AA111F727AEA00922845 /* VirtualObjectARView.swift */ = {isa = PBXFileReference; lastKnownFileType = sourcecode.swift; path = VirtualObjectARView.swift; sourceTree = "<group>"; };
/* End PBXFileReference section */

/* Begin PBXFrameworksBuildPhase section */
		A60C29061F6CC45800F6041F /* Frameworks */ = {
			isa = PBXFrameworksBuildPhase;
			buildActionMask = 2147483647;
			files = (
			);
			runOnlyForDeploymentPostprocessing = 0;
		};
/* End PBXFrameworksBuildPhase section */

/* Begin PBXGroup section */
		A60C29001F6CC45800F6041F = {
			isa = PBXGroup;
			children = (
				A60C290B1F6CC45800F6041F /* ProTYFamily */,
				A60C290A1F6CC45800F6041F /* Products */,
			);
			sourceTree = "<group>";
		};
		A60C290A1F6CC45800F6041F /* Products */ = {
			isa = PBXGroup;
			children = (
				A60C29091F6CC45800F6041F /* ProTYFamily.app */,
			);
			name = Products;
			sourceTree = "<group>";
		};
		A60C290B1F6CC45800F6041F /* ProTYFamily */ = {
			isa = PBXGroup;
			children = (
				A6A1A9FA1F727A5600922845 /* Additional View Controllers */,
				A6A1A9F71F727A5600922845 /* Focus Square */,
				A6A1A9FD1F727A5800922845 /* Resources */,
				A6A1A9F51F727A5600922845 /* Utilities */,
				A6A1AA021F727A5900922845 /* Virtual Objects */,
				A60C290C1F6CC45800F6041F /* AppDelegate.swift */,
				A60C29101F6CC45800F6041F /* ViewController.swift */,
				A6A1AA101F727AEA00922845 /* ThresholdPanGesture.swift */,
				A6A1AA0E1F727AE900922845 /* ViewController+Actions.swift */,
				A6A1AA0D1F727AE900922845 /* ViewController+ARSCNViewDelegate.swift */,
				A6A1AA0F1F727AEA00922845 /* ViewController+ObjectSelection.swift */,
				A6A1AA111F727AEA00922845 /* VirtualObjectARView.swift */,
				A6A1AA0C1F727AE800922845 /* VirtualObjectInteraction.swift */,
			);
			path = ProTYFamily;
			sourceTree = "<group>";
		};
		A6A1A9F51F727A5600922845 /* Utilities */ = {
			isa = PBXGroup;
			children = (
				A6A1A9F61F727A5600922845 /* Utilities.swift */,
			);
			path = Utilities;
			sourceTree = "<group>";
		};
		A6A1A9F71F727A5600922845 /* Focus Square */ = {
			isa = PBXGroup;
			children = (
				A6A1A9F81F727A5600922845 /* FocusSquareSegment.swift */,
				A6A1A9F91F727A5600922845 /* FocusSquare.swift */,
			);
			path = "Focus Square";
			sourceTree = "<group>";
		};
		A6A1A9FA1F727A5600922845 /* Additional View Controllers */ = {
			isa = PBXGroup;
			children = (
				A6A1A9FB1F727A5600922845 /* VirtualObjectSelection.swift */,
				A6A1A9FC1F727A5600922845 /* StatusViewController.swift */,
			);
			path = "Additional View Controllers";
			sourceTree = "<group>";
		};
		A6A1A9FD1F727A5800922845 /* Resources */ = {
			isa = PBXGroup;
			children = (
				A60C291A1F6CC45800F6041F /* Info.plist */,
				A60C29121F6CC45800F6041F /* Main.storyboard */,
				A60C29171F6CC45800F6041F /* LaunchScreen.storyboard */,
				A60C29151F6CC45800F6041F /* Assets.xcassets */,
				A60C29211F6CC6BC00F6041F /* game.scnassets */,
			);
			path = Resources;
			sourceTree = "<group>";
		};
		A6A1AA021F727A5900922845 /* Virtual Objects */ = {
			isa = PBXGroup;
			children = (
				A6A1AA031F727A5900922845 /* VirtualObjectLoader.swift */,
				A6A1AA041F727A5900922845 /* VirtualObject.swift */,
			);
			path = "Virtual Objects";
			sourceTree = "<group>";
		};
/* End PBXGroup section */

/* Begin PBXNativeTarget section */
		A60C29081F6CC45800F6041F /* ProTYFamily */ = {
			isa = PBXNativeTarget;
			buildConfigurationList = A60C291D1F6CC45800F6041F /* Build configuration list for PBXNativeTarget "ProTYFamily" */;
			buildPhases = (
				A60C29051F6CC45800F6041F /* Sources */,
				A60C29061F6CC45800F6041F /* Frameworks */,
				A60C29071F6CC45800F6041F /* Resources */,
			);
			buildRules = (
			);
			dependencies = (
			);
			name = ProTYFamily;
			productName = ProTYFamily;
			productReference = A60C29091F6CC45800F6041F /* ProTYFamily.app */;
			productType = "com.apple.product-type.application";
		};
/* End PBXNativeTarget section */

/* Begin PBXProject section */
		A60C29011F6CC45800F6041F /* Project object */ = {
			isa = PBXProject;
			attributes = {
				LastSwiftUpdateCheck = 0900;
				LastUpgradeCheck = 0900;
				ORGANIZATIONNAME = "吴迪玮";
				TargetAttributes = {
					A60C29081F6CC45800F6041F = {
						CreatedOnToolsVersion = 9.0;
						ProvisioningStyle = Automatic;
					};
				};
			};
			buildConfigurationList = A60C29041F6CC45800F6041F /* Build configuration list for PBXProject "ProTYFamily" */;
			compatibilityVersion = "Xcode 8.0";
			developmentRegion = en;
			hasScannedForEncodings = 0;
			knownRegions = (
				en,
				Base,
			);
			mainGroup = A60C29001F6CC45800F6041F;
			productRefGroup = A60C290A1F6CC45800F6041F /* Products */;
			projectDirPath = "";
			projectRoot = "";
			targets = (
				A60C29081F6CC45800F6041F /* ProTYFamily */,
			);
		};
/* End PBXProject section */

/* Begin PBXResourcesBuildPhase section */
		A60C29071F6CC45800F6041F /* Resources */ = {
			isa = PBXResourcesBuildPhase;
			buildActionMask = 2147483647;
			files = (
				A60C29191F6CC45800F6041F /* LaunchScreen.storyboard in Resources */,
				A60C29221F6CC7CA00F6041F /* game.scnassets in Resources */,
				A60C29161F6CC45800F6041F /* Assets.xcassets in Resources */,
				A60C29141F6CC45800F6041F /* Main.storyboard in Resources */,
			);
			runOnlyForDeploymentPostprocessing = 0;
		};
/* End PBXResourcesBuildPhase section */

/* Begin PBXSourcesBuildPhase section */
		A60C29051F6CC45800F6041F /* Sources */ = {
			isa = PBXSourcesBuildPhase;
			buildActionMask = 2147483647;
			files = (
				A6A1AA071F727AAD00922845 /* FocusSquareSegment.swift in Sources */,
				A6A1AA161F727AEB00922845 /* ThresholdPanGesture.swift in Sources */,
				A6A1AA151F727AEB00922845 /* ViewController+ObjectSelection.swift in Sources */,
				A6A1AA0A1F727AAD00922845 /* VirtualObjectLoader.swift in Sources */,
				A6A1AA081F727AAD00922845 /* FocusSquare.swift in Sources */,
				A6A1AA121F727AEB00922845 /* VirtualObjectInteraction.swift in Sources */,
				A6A1AA091F727AAD00922845 /* Utilities.swift in Sources */,
				A6A1AA131F727AEB00922845 /* ViewController+ARSCNViewDelegate.swift in Sources */,
				A6A1AA061F727AAD00922845 /* StatusViewController.swift in Sources */,
				A6A1AA0B1F727AAD00922845 /* VirtualObject.swift in Sources */,
				A60C29111F6CC45800F6041F /* ViewController.swift in Sources */,
				A6A1AA051F727AAD00922845 /* VirtualObjectSelection.swift in Sources */,
				A6A1AA171F727AEB00922845 /* VirtualObjectARView.swift in Sources */,
				A6A1AA141F727AEB00922845 /* ViewController+Actions.swift in Sources */,
				A60C290D1F6CC45800F6041F /* AppDelegate.swift in Sources */,
			);
			runOnlyForDeploymentPostprocessing = 0;
		};
/* End PBXSourcesBuildPhase section */

/* Begin PBXVariantGroup section */
		A60C29121F6CC45800F6041F /* Main.storyboard */ = {
			isa = PBXVariantGroup;
			children = (
				A60C29131F6CC45800F6041F /* Base */,
			);
			name = Main.storyboard;
			sourceTree = "<group>";
		};
		A60C29171F6CC45800F6041F /* LaunchScreen.storyboard */ = {
			isa = PBXVariantGroup;
			children = (
				A60C29181F6CC45800F6041F /* Base */,
			);
			name = LaunchScreen.storyboard;
			sourceTree = "<group>";
		};
/* End PBXVariantGroup section */

/* Begin XCBuildConfiguration section */
		A60C291B1F6CC45800F6041F /* Debug */ = {
			isa = XCBuildConfiguration;
			buildSettings = {
				ALWAYS_SEARCH_USER_PATHS = NO;
				CLANG_ANALYZER_NONNULL = YES;
				CLANG_ANALYZER_NUMBER_OBJECT_CONVERSION = YES_AGGRESSIVE;
				CLANG_CXX_LANGUAGE_STANDARD = "gnu++14";
				CLANG_CXX_LIBRARY = "libc++";
				CLANG_ENABLE_MODULES = YES;
				CLANG_ENABLE_OBJC_ARC = YES;
				CLANG_WARN_BLOCK_CAPTURE_AUTORELEASING = YES;
				CLANG_WARN_BOOL_CONVERSION = YES;
				CLANG_WARN_COMMA = YES;
				CLANG_WARN_CONSTANT_CONVERSION = YES;
				CLANG_WARN_DIRECT_OBJC_ISA_USAGE = YES_ERROR;
				CLANG_WARN_DOCUMENTATION_COMMENTS = YES;
				CLANG_WARN_EMPTY_BODY = YES;
				CLANG_WARN_ENUM_CONVERSION = YES;
				CLANG_WARN_INFINITE_RECURSION = YES;
				CLANG_WARN_INT_CONVERSION = YES;
				CLANG_WARN_NON_LITERAL_NULL_CONVERSION = YES;
				CLANG_WARN_OBJC_LITERAL_CONVERSION = YES;
				CLANG_WARN_OBJC_ROOT_CLASS = YES_ERROR;
				CLANG_WARN_RANGE_LOOP_ANALYSIS = YES;
				CLANG_WARN_STRICT_PROTOTYPES = YES;
				CLANG_WARN_SUSPICIOUS_MOVE = YES;
				CLANG_WARN_UNGUARDED_AVAILABILITY = YES_AGGRESSIVE;
				CLANG_WARN_UNREACHABLE_CODE = YES;
				CLANG_WARN__DUPLICATE_METHOD_MATCH = YES;
				CODE_SIGN_IDENTITY = "iPhone Developer";
				COPY_PHASE_STRIP = NO;
				DEBUG_INFORMATION_FORMAT = dwarf;
				ENABLE_STRICT_OBJC_MSGSEND = YES;
				ENABLE_TESTABILITY = YES;
				GCC_C_LANGUAGE_STANDARD = gnu11;
				GCC_DYNAMIC_NO_PIC = NO;
				GCC_NO_COMMON_BLOCKS = YES;
				GCC_OPTIMIZATION_LEVEL = 0;
				GCC_PREPROCESSOR_DEFINITIONS = (
					"DEBUG=1",
					"$(inherited)",
				);
				GCC_WARN_64_TO_32_BIT_CONVERSION = YES;
				GCC_WARN_ABOUT_RETURN_TYPE = YES_ERROR;
				GCC_WARN_UNDECLARED_SELECTOR = YES;
				GCC_WARN_UNINITIALIZED_AUTOS = YES_AGGRESSIVE;
				GCC_WARN_UNUSED_FUNCTION = YES;
				GCC_WARN_UNUSED_VARIABLE = YES;
				IPHONEOS_DEPLOYMENT_TARGET = 11.0;
				MTL_ENABLE_DEBUG_INFO = YES;
				ONLY_ACTIVE_ARCH = YES;
				SDKROOT = iphoneos;
				SWIFT_ACTIVE_COMPILATION_CONDITIONS = DEBUG;
				SWIFT_OPTIMIZATION_LEVEL = "-Onone";
			};
			name = Debug;
		};
		A60C291C1F6CC45800F6041F /* Release */ = {
			isa = XCBuildConfiguration;
			buildSettings = {
				ALWAYS_SEARCH_USER_PATHS = NO;
				CLANG_ANALYZER_NONNULL = YES;
				CLANG_ANALYZER_NUMBER_OBJECT_CONVERSION = YES_AGGRESSIVE;
				CLANG_CXX_LANGUAGE_STANDARD = "gnu++14";
				CLANG_CXX_LIBRARY = "libc++";
				CLANG_ENABLE_MODULES = YES;
				CLANG_ENABLE_OBJC_ARC = YES;
				CLANG_WARN_BLOCK_CAPTURE_AUTORELEASING = YES;
				CLANG_WARN_BOOL_CONVERSION = YES;
				CLANG_WARN_COMMA = YES;
				CLANG_WARN_CONSTANT_CONVERSION = YES;
				CLANG_WARN_DIRECT_OBJC_ISA_USAGE = YES_ERROR;
				CLANG_WARN_DOCUMENTATION_COMMENTS = YES;
				CLANG_WARN_EMPTY_BODY = YES;
				CLANG_WARN_ENUM_CONVERSION = YES;
				CLANG_WARN_INFINITE_RECURSION = YES;
				CLANG_WARN_INT_CONVERSION = YES;
				CLANG_WARN_NON_LITERAL_NULL_CONVERSION = YES;
				CLANG_WARN_OBJC_LITERAL_CONVERSION = YES;
				CLANG_WARN_OBJC_ROOT_CLASS = YES_ERROR;
				CLANG_WARN_RANGE_LOOP_ANALYSIS = YES;
				CLANG_WARN_STRICT_PROTOTYPES = YES;
				CLANG_WARN_SUSPICIOUS_MOVE = YES;
				CLANG_WARN_UNGUARDED_AVAILABILITY = YES_AGGRESSIVE;
				CLANG_WARN_UNREACHABLE_CODE = YES;
				CLANG_WARN__DUPLICATE_METHOD_MATCH = YES;
				CODE_SIGN_IDENTITY = "iPhone Developer";
				COPY_PHASE_STRIP = NO;
				DEBUG_INFORMATION_FORMAT = "dwarf-with-dsym";
				ENABLE_NS_ASSERTIONS = NO;
				ENABLE_STRICT_OBJC_MSGSEND = YES;
				GCC_C_LANGUAGE_STANDARD = gnu11;
				GCC_NO_COMMON_BLOCKS = YES;
				GCC_WARN_64_TO_32_BIT_CONVERSION = YES;
				GCC_WARN_ABOUT_RETURN_TYPE = YES_ERROR;
				GCC_WARN_UNDECLARED_SELECTOR = YES;
				GCC_WARN_UNINITIALIZED_AUTOS = YES_AGGRESSIVE;
				GCC_WARN_UNUSED_FUNCTION = YES;
				GCC_WARN_UNUSED_VARIABLE = YES;
				IPHONEOS_DEPLOYMENT_TARGET = 11.0;
				MTL_ENABLE_DEBUG_INFO = NO;
				SDKROOT = iphoneos;
				SWIFT_OPTIMIZATION_LEVEL = "-Owholemodule";
				VALIDATE_PRODUCT = YES;
			};
			name = Release;
		};
		A60C291E1F6CC45800F6041F /* Debug */ = {
			isa = XCBuildConfiguration;
			buildSettings = {
				ASSETCATALOG_COMPILER_APPICON_NAME = AppIcon;
				CODE_SIGN_STYLE = Automatic;
				DEVELOPMENT_TEAM = L6U7BB57HF;
				INFOPLIST_FILE = ProTYFamily/Resources/Info.plist;
				LD_RUNPATH_SEARCH_PATHS = "$(inherited) @executable_path/Frameworks";
				PRODUCT_BUNDLE_IDENTIFIER = com.davidandty.ProTYFamily;
				PRODUCT_NAME = "$(TARGET_NAME)";
				SWIFT_VERSION = 4.0;
				TARGETED_DEVICE_FAMILY = "1,2";
			};
			name = Debug;
		};
		A60C291F1F6CC45800F6041F /* Release */ = {
			isa = XCBuildConfiguration;
			buildSettings = {
				ASSETCATALOG_COMPILER_APPICON_NAME = AppIcon;
				CODE_SIGN_STYLE = Automatic;
				DEVELOPMENT_TEAM = L6U7BB57HF;
				INFOPLIST_FILE = ProTYFamily/Resources/Info.plist;
				LD_RUNPATH_SEARCH_PATHS = "$(inherited) @executable_path/Frameworks";
				PRODUCT_BUNDLE_IDENTIFIER = com.davidandty.ProTYFamily;
				PRODUCT_NAME = "$(TARGET_NAME)";
				SWIFT_VERSION = 4.0;
				TARGETED_DEVICE_FAMILY = "1,2";
			};
			name = Release;
		};
/* End XCBuildConfiguration section */

/* Begin XCConfigurationList section */
		A60C29041F6CC45800F6041F /* Build configuration list for PBXProject "ProTYFamily" */ = {
			isa = XCConfigurationList;
			buildConfigurations = (
				A60C291B1F6CC45800F6041F /* Debug */,
				A60C291C1F6CC45800F6041F /* Release */,
			);
			defaultConfigurationIsVisible = 0;
			defaultConfigurationName = Release;
		};
		A60C291D1F6CC45800F6041F /* Build configuration list for PBXNativeTarget "ProTYFamily" */ = {
			isa = XCConfigurationList;
			buildConfigurations = (
				A60C291E1F6CC45800F6041F /* Debug */,
				A60C291F1F6CC45800F6041F /* Release */,
			);
			defaultConfigurationIsVisible = 0;
			defaultConfigurationName = Release;
		};
/* End XCConfigurationList section */
	};
	rootObject = A60C29011F6CC45800F6041F /* Project object */;
}
